
Microsoft Visual Studio Solution File, Format Version 12.00
# Visual Studio Version 16
VisualStudioVersion = 16.0.29424.173
MinimumVisualStudioVersion = 10.0.40219.1
Project("{9A19103F-16F7-4668-BE54-9A1E7A4F7556}") = "PabedaSchool", "PabedaSchool.csproj", "{1764E76D-4A9E-45B4-8EB4-3BD293FB6BB3}"
EndProject
Global
	GlobalSection(SolutionConfigurationPlatforms) = preSolution
		Debug|Any CPU = Debug|Any CPU
		Release|Any CPU = Release|Any CPU
	EndGlobalSection
	GlobalSection(ProjectConfigurationPlatforms) = postSolution
		{1764E76D-4A9E-45B4-8EB4-3BD293FB6BB3}.Debug|Any CPU.ActiveCfg = Debug|Any CPU
		{1764E76D-4A9E-45B4-8EB4-3BD293FB6BB3}.Debug|Any CPU.Build.0 = Debug|Any CPU
		{1764E76D-4A9E-45B4-8EB4-3BD293FB6BB3}.Release|Any CPU.ActiveCfg = Release|Any CPU
		{1764E76D-4A9E-45B4-8EB4-3BD293FB6BB3}.Release|Any CPU.Build.0 = Release|Any CPU
	EndGlobalSection
	GlobalSection(SolutionProperties) = preSolution
		HideSolutionNode = FALSE
	EndGlobalSection
	GlobalSection(ExtensibilityGlobals) = postSolution
		SolutionGuid = {5476F75F-5B90-42C5-99B7-7ED2C5D1BDAB}
	EndGlobalSection
EndGlobal
