
Microsoft Visual Studio Solution File, Format Version 12.00
# Visual Studio Version 17
VisualStudioVersion = 17.8.34330.188
MinimumVisualStudioVersion = 10.0.40219.1
Project("{FAE04EC0-301F-11D3-BF4B-00C04F79EFBC}") = "Auction-Server", "Auction-Server.csproj", "{F3F954CD-CC56-46E1-99B5-A669E67A34C6}"
EndProject
Project("{FAE04EC0-301F-11D3-BF4B-00C04F79EFBC}") = "Auction-Client", "..\Auction-Client\Auction-Client.csproj", "{F705A834-4ACA-4D3F-A80A-F9AF403475CF}"
EndProject
Project("{FAE04EC0-301F-11D3-BF4B-00C04F79EFBC}") = "P2PAuctionSimulator", "..\P2PAuctionSimulator\P2PAuctionSimulator.csproj", "{EB948168-EB34-4D6F-9E61-00FD994A3C2D}"
EndProject
Global
	GlobalSection(SolutionConfigurationPlatforms) = preSolution
		Debug|Any CPU = Debug|Any CPU
		Release|Any CPU = Release|Any CPU
	EndGlobalSection
	GlobalSection(ProjectConfigurationPlatforms) = postSolution
		{F3F954CD-CC56-46E1-99B5-A669E67A34C6}.Debug|Any CPU.ActiveCfg = Debug|Any CPU
		{F3F954CD-CC56-46E1-99B5-A669E67A34C6}.Debug|Any CPU.Build.0 = Debug|Any CPU
		{F3F954CD-CC56-46E1-99B5-A669E67A34C6}.Release|Any CPU.ActiveCfg = Release|Any CPU
		{F3F954CD-CC56-46E1-99B5-A669E67A34C6}.Release|Any CPU.Build.0 = Release|Any CPU
		{F705A834-4ACA-4D3F-A80A-F9AF403475CF}.Debug|Any CPU.ActiveCfg = Debug|Any CPU
		{F705A834-4ACA-4D3F-A80A-F9AF403475CF}.Debug|Any CPU.Build.0 = Debug|Any CPU
		{F705A834-4ACA-4D3F-A80A-F9AF403475CF}.Release|Any CPU.ActiveCfg = Release|Any CPU
		{F705A834-4ACA-4D3F-A80A-F9AF403475CF}.Release|Any CPU.Build.0 = Release|Any CPU
		{EB948168-EB34-4D6F-9E61-00FD994A3C2D}.Debug|Any CPU.ActiveCfg = Debug|Any CPU
		{EB948168-EB34-4D6F-9E61-00FD994A3C2D}.Debug|Any CPU.Build.0 = Debug|Any CPU
		{EB948168-EB34-4D6F-9E61-00FD994A3C2D}.Release|Any CPU.ActiveCfg = Release|Any CPU
		{EB948168-EB34-4D6F-9E61-00FD994A3C2D}.Release|Any CPU.Build.0 = Release|Any CPU
	EndGlobalSection
	GlobalSection(SolutionProperties) = preSolution
		HideSolutionNode = FALSE
	EndGlobalSection
	GlobalSection(ExtensibilityGlobals) = postSolution
		SolutionGuid = {D051A9F1-CB03-4168-8D65-C8CA807A7966}
	EndGlobalSection
EndGlobal
